
Microsoft Visual Studio Solution File, Format Version 12.00
# Visual Studio Version 16
VisualStudioVersion = 16.0.32413.511
MinimumVisualStudioVersion = 10.0.40219.1
Project("{9A19103F-16F7-4668-BE54-9A1E7A4F7556}") = "DataAccess", "DataAccess\DataAccess.csproj", "{50CE8DA0-E0C6-4202-866B-950A54DFDDEC}"
EndProject
Project("{9A19103F-16F7-4668-BE54-9A1E7A4F7556}") = "BusinessObject", "BusinessObject\BusinessObject.csproj", "{B1E2436C-3523-457A-A13F-498D03143C8D}"
EndProject
Project("{2150E333-8FDC-42A3-9474-1A3956D46DE8}") = "1.Presentation Layer", "1.Presentation Layer", "{BF7EEA33-37AF-4F21-B88E-5B269BED2ED3}"
EndProject
Project("{2150E333-8FDC-42A3-9474-1A3956D46DE8}") = "2.Bussiness Layer", "2.Bussiness Layer", "{B404C681-210A-4EAA-96CF-CA7004D514B8}"
EndProject
Project("{2150E333-8FDC-42A3-9474-1A3956D46DE8}") = "3.Data Layer", "3.Data Layer", "{54BFFA9E-15BB-43EE-BADD-F1EC2DFA5650}"
EndProject
Project("{9A19103F-16F7-4668-BE54-9A1E7A4F7556}") = "eStore", "eStore\eStore.csproj", "{1CB79460-3508-4901-8762-253550F0916D}"
EndProject
Global
	GlobalSection(SolutionConfigurationPlatforms) = preSolution
		Debug|Any CPU = Debug|Any CPU
		Release|Any CPU = Release|Any CPU
	EndGlobalSection
	GlobalSection(ProjectConfigurationPlatforms) = postSolution
		{50CE8DA0-E0C6-4202-866B-950A54DFDDEC}.Debug|Any CPU.ActiveCfg = Debug|Any CPU
		{50CE8DA0-E0C6-4202-866B-950A54DFDDEC}.Debug|Any CPU.Build.0 = Debug|Any CPU
		{50CE8DA0-E0C6-4202-866B-950A54DFDDEC}.Release|Any CPU.ActiveCfg = Release|Any CPU
		{50CE8DA0-E0C6-4202-866B-950A54DFDDEC}.Release|Any CPU.Build.0 = Release|Any CPU
		{B1E2436C-3523-457A-A13F-498D03143C8D}.Debug|Any CPU.ActiveCfg = Debug|Any CPU
		{B1E2436C-3523-457A-A13F-498D03143C8D}.Debug|Any CPU.Build.0 = Debug|Any CPU
		{B1E2436C-3523-457A-A13F-498D03143C8D}.Release|Any CPU.ActiveCfg = Release|Any CPU
		{B1E2436C-3523-457A-A13F-498D03143C8D}.Release|Any CPU.Build.0 = Release|Any CPU
		{1CB79460-3508-4901-8762-253550F0916D}.Debug|Any CPU.ActiveCfg = Debug|Any CPU
		{1CB79460-3508-4901-8762-253550F0916D}.Debug|Any CPU.Build.0 = Debug|Any CPU
		{1CB79460-3508-4901-8762-253550F0916D}.Release|Any CPU.ActiveCfg = Release|Any CPU
		{1CB79460-3508-4901-8762-253550F0916D}.Release|Any CPU.Build.0 = Release|Any CPU
	EndGlobalSection
	GlobalSection(SolutionProperties) = preSolution
		HideSolutionNode = FALSE
	EndGlobalSection
	GlobalSection(NestedProjects) = preSolution
		{50CE8DA0-E0C6-4202-866B-950A54DFDDEC} = {54BFFA9E-15BB-43EE-BADD-F1EC2DFA5650}
		{B1E2436C-3523-457A-A13F-498D03143C8D} = {B404C681-210A-4EAA-96CF-CA7004D514B8}
	EndGlobalSection
	GlobalSection(ExtensibilityGlobals) = postSolution
		SolutionGuid = {8938F1B7-705B-44AF-9F58-70FC761C85EA}
	EndGlobalSection
EndGlobal
